
Microsoft Visual Studio Solution File, Format Version 12.00
# Visual Studio Version 16
VisualStudioVersion = 16.0.31728.76
MinimumVisualStudioVersion = 10.0.40219.1
Project("{FAE04EC0-301F-11D3-BF4B-00C04F79EFBC}") = "KeyLocks_Simple", "KeyLocks_Simple.csproj", "{1FBE2FA5-84C2-498D-816E-DDEB502F342C}"
EndProject
Global
	GlobalSection(SolutionConfigurationPlatforms) = preSolution
		Debug|Any CPU = Debug|Any CPU
		Release|Any CPU = Release|Any CPU
	EndGlobalSection
	GlobalSection(ProjectConfigurationPlatforms) = postSolution
		{1FBE2FA5-84C2-498D-816E-DDEB502F342C}.Debug|Any CPU.ActiveCfg = Debug|Any CPU
		{1FBE2FA5-84C2-498D-816E-DDEB502F342C}.Debug|Any CPU.Build.0 = Debug|Any CPU
		{1FBE2FA5-84C2-498D-816E-DDEB502F342C}.Release|Any CPU.ActiveCfg = Release|Any CPU
		{1FBE2FA5-84C2-498D-816E-DDEB502F342C}.Release|Any CPU.Build.0 = Release|Any CPU
	EndGlobalSection
	GlobalSection(SolutionProperties) = preSolution
		HideSolutionNode = FALSE
	EndGlobalSection
	GlobalSection(ExtensibilityGlobals) = postSolution
		SolutionGuid = {DCFC25C4-EBF4-487E-B7A7-C79D31595F08}
	EndGlobalSection
EndGlobal
